
Microsoft Visual Studio Solution File, Format Version 11.00
# Visual Studio 2010
Project("{FAE04EC0-301F-11D3-BF4B-00C04F79EFBC}") = "IndianaPark", "IndianaPark\IndianaPark.csproj", "{83CDD662-C7E9-470F-80A1-5DF69E832F25}"
EndProject
Project("{FAE04EC0-301F-11D3-BF4B-00C04F79EFBC}") = "Biglietti", "Biglietti\Biglietti.csproj", "{E413CC22-4BE8-44FF-99D3-EA018E5D5BF1}"
EndProject
Project("{FAE04EC0-301F-11D3-BF4B-00C04F79EFBC}") = "PluginSystem", "PluginSystem\PluginSystem.csproj", "{F465C73F-7026-4862-908A-B98C0DF87700}"
EndProject
Project("{FAE04EC0-301F-11D3-BF4B-00C04F79EFBC}") = "PowerFan", "PowerFan\PowerFan.csproj", "{192D0C71-360F-4C37-8FBB-220F44404A5F}"
EndProject
Project("{FAE04EC0-301F-11D3-BF4B-00C04F79EFBC}") = "Persistence", "Persistency\Persistence.csproj", "{1B093DCE-C48D-421D-8665-033ED4C2F203}"
EndProject
Project("{FAE04EC0-301F-11D3-BF4B-00C04F79EFBC}") = "LicenseManager", "LicenseManager\LicenseManager.csproj", "{4A992E57-D56D-45FC-A86C-9942276AE262}"
EndProject
Project("{FAE04EC0-301F-11D3-BF4B-00C04F79EFBC}") = "Tools", "Controls\Tools.csproj", "{DA5E5C54-4706-48DC-B5E3-E33FD3BE4EE3}"
EndProject
Project("{FAE04EC0-301F-11D3-BF4B-00C04F79EFBC}") = "PercorsiAvventura", "PercorsiAvventura\PercorsiAvventura.csproj", "{7CC9810D-F95F-4966-BB0B-B5CC2084E897}"
EndProject
Project("{2150E333-8FDC-42A3-9474-1A3956D46DE8}") = "Resources", "Resources", "{F0B8D815-D243-4F03-880B-D86C3E5E58E6}"
	ProjectSection(SolutionItems) = preProject
		Resources\Code39AzaleaNarrow3.ttf = Resources\Code39AzaleaNarrow3.ttf
		Resources\Documentation.chm = Resources\Documentation.chm
		Resources\Documento dei Requisiti.doc = Resources\Documento dei Requisiti.doc
		Resources\Enterprise Architect C# Templates.xml = Resources\Enterprise Architect C# Templates.xml
		Resources\IndianaPark.eap = Resources\IndianaPark.eap
		Resources\IndianaPark.ico = Resources\IndianaPark.ico
		Resources\indianapark.snk = Resources\indianapark.snk
		Resources\indianapark_dev.rar = Resources\indianapark_dev.rar
		Resources\Layout Regionerate.xml = Resources\Layout Regionerate.xml
		Resources\ReSharper Settings.xml = Resources\ReSharper Settings.xml
	EndProjectSection
EndProject
Project("{E729F059-12D4-455F-A2A4-FDA8DD25E08A}") = "Setup", "Setup\Setup.isproj", "{F396F30F-EF31-44E2-BC9F-AE37A2018556}"
	ProjectSection(ProjectDependencies) = postProject
		{7CC9810D-F95F-4966-BB0B-B5CC2084E897} = {7CC9810D-F95F-4966-BB0B-B5CC2084E897}
		{E413CC22-4BE8-44FF-99D3-EA018E5D5BF1} = {E413CC22-4BE8-44FF-99D3-EA018E5D5BF1}
		{67CBC824-A49E-4E9B-A947-360F3DFE65C3} = {67CBC824-A49E-4E9B-A947-360F3DFE65C3}
		{F465C73F-7026-4862-908A-B98C0DF87700} = {F465C73F-7026-4862-908A-B98C0DF87700}
		{DA5E5C54-4706-48DC-B5E3-E33FD3BE4EE3} = {DA5E5C54-4706-48DC-B5E3-E33FD3BE4EE3}
		{4A992E57-D56D-45FC-A86C-9942276AE262} = {4A992E57-D56D-45FC-A86C-9942276AE262}
		{83CDD662-C7E9-470F-80A1-5DF69E832F25} = {83CDD662-C7E9-470F-80A1-5DF69E832F25}
		{192D0C71-360F-4C37-8FBB-220F44404A5F} = {192D0C71-360F-4C37-8FBB-220F44404A5F}
		{1B093DCE-C48D-421D-8665-033ED4C2F203} = {1B093DCE-C48D-421D-8665-033ED4C2F203}
	EndProjectSection
EndProject
Project("{C8D11400-126E-41CD-887F-60BD40844F9E}") = "SQL Server", "SQL Server\SQL Server.dbproj", "{B5FA1518-CC3E-41A0-82AE-1C02F845E12E}"
EndProject
Project("{C8D11400-126E-41CD-887F-60BD40844F9E}") = "Database", "Database\Database.dbproj", "{67CBC824-A49E-4E9B-A947-360F3DFE65C3}"
EndProject
Project("{FAE04EC0-301F-11D3-BF4B-00C04F79EFBC}") = "Merchandising", "Merchandising\Merchandising.csproj", "{918073E4-C6B7-4B71-A462-B6767BC53D80}"
EndProject
Project("{7CF6DF6D-3B04-46F8-A40B-537D21BCA0B4}") = "Documentazione", "Documentazione\Documentazione.shfbproj", "{0048E6C6-7F6A-4F03-8232-303E539D890B}"
EndProject
Global
	GlobalSection(SolutionConfigurationPlatforms) = preSolution
		Database|Any CPU = Database|Any CPU
		Database|Mixed Platforms = Database|Mixed Platforms
		Database|x64 = Database|x64
		Database|x86 = Database|x86
		Debug|Any CPU = Debug|Any CPU
		Debug|Mixed Platforms = Debug|Mixed Platforms
		Debug|x64 = Debug|x64
		Debug|x86 = Debug|x86
		Documentazione|Any CPU = Documentazione|Any CPU
		Documentazione|Mixed Platforms = Documentazione|Mixed Platforms
		Documentazione|x64 = Documentazione|x64
		Documentazione|x86 = Documentazione|x86
		Installer|Any CPU = Installer|Any CPU
		Installer|Mixed Platforms = Installer|Mixed Platforms
		Installer|x64 = Installer|x64
		Installer|x86 = Installer|x86
		Release|Any CPU = Release|Any CPU
		Release|Mixed Platforms = Release|Mixed Platforms
		Release|x64 = Release|x64
		Release|x86 = Release|x86
	EndGlobalSection
	GlobalSection(ProjectConfigurationPlatforms) = postSolution
		{83CDD662-C7E9-470F-80A1-5DF69E832F25}.Database|Any CPU.ActiveCfg = Release|Any CPU
		{83CDD662-C7E9-470F-80A1-5DF69E832F25}.Database|Mixed Platforms.ActiveCfg = Debug|x86
		{83CDD662-C7E9-470F-80A1-5DF69E832F25}.Database|x64.ActiveCfg = Release|x64
		{83CDD662-C7E9-470F-80A1-5DF69E832F25}.Database|x86.ActiveCfg = Release|x86
		{83CDD662-C7E9-470F-80A1-5DF69E832F25}.Debug|Any CPU.ActiveCfg = Debug|Any CPU
		{83CDD662-C7E9-470F-80A1-5DF69E832F25}.Debug|Any CPU.Build.0 = Debug|Any CPU
		{83CDD662-C7E9-470F-80A1-5DF69E832F25}.Debug|Mixed Platforms.ActiveCfg = Debug|x86
		{83CDD662-C7E9-470F-80A1-5DF69E832F25}.Debug|Mixed Platforms.Build.0 = Debug|x86
		{83CDD662-C7E9-470F-80A1-5DF69E832F25}.Debug|x64.ActiveCfg = Debug|x64
		{83CDD662-C7E9-470F-80A1-5DF69E832F25}.Debug|x64.Build.0 = Debug|x64
		{83CDD662-C7E9-470F-80A1-5DF69E832F25}.Debug|x86.ActiveCfg = Debug|x86
		{83CDD662-C7E9-470F-80A1-5DF69E832F25}.Debug|x86.Build.0 = Debug|x86
		{83CDD662-C7E9-470F-80A1-5DF69E832F25}.Documentazione|Any CPU.ActiveCfg = Debug|Any CPU
		{83CDD662-C7E9-470F-80A1-5DF69E832F25}.Documentazione|Mixed Platforms.ActiveCfg = Debug|x86
		{83CDD662-C7E9-470F-80A1-5DF69E832F25}.Documentazione|x64.ActiveCfg = Debug|x64
		{83CDD662-C7E9-470F-80A1-5DF69E832F25}.Documentazione|x86.ActiveCfg = Debug|x86
		{83CDD662-C7E9-470F-80A1-5DF69E832F25}.Installer|Any CPU.ActiveCfg = Release|Any CPU
		{83CDD662-C7E9-470F-80A1-5DF69E832F25}.Installer|Any CPU.Build.0 = Release|Any CPU
		{83CDD662-C7E9-470F-80A1-5DF69E832F25}.Installer|Mixed Platforms.ActiveCfg = Release|x86
		{83CDD662-C7E9-470F-80A1-5DF69E832F25}.Installer|Mixed Platforms.Build.0 = Release|x86
		{83CDD662-C7E9-470F-80A1-5DF69E832F25}.Installer|x64.ActiveCfg = Release|x64
		{83CDD662-C7E9-470F-80A1-5DF69E832F25}.Installer|x64.Build.0 = Release|x64
		{83CDD662-C7E9-470F-80A1-5DF69E832F25}.Installer|x86.ActiveCfg = Release|x86
		{83CDD662-C7E9-470F-80A1-5DF69E832F25}.Installer|x86.Build.0 = Release|x86
		{83CDD662-C7E9-470F-80A1-5DF69E832F25}.Release|Any CPU.ActiveCfg = Release|Any CPU
		{83CDD662-C7E9-470F-80A1-5DF69E832F25}.Release|Any CPU.Build.0 = Release|Any CPU
		{83CDD662-C7E9-470F-80A1-5DF69E832F25}.Release|Mixed Platforms.ActiveCfg = Release|x86
		{83CDD662-C7E9-470F-80A1-5DF69E832F25}.Release|Mixed Platforms.Build.0 = Release|x86
		{83CDD662-C7E9-470F-80A1-5DF69E832F25}.Release|x64.ActiveCfg = Release|x64
		{83CDD662-C7E9-470F-80A1-5DF69E832F25}.Release|x64.Build.0 = Release|x64
		{83CDD662-C7E9-470F-80A1-5DF69E832F25}.Release|x86.ActiveCfg = Release|x86
		{83CDD662-C7E9-470F-80A1-5DF69E832F25}.Release|x86.Build.0 = Release|x86
		{E413CC22-4BE8-44FF-99D3-EA018E5D5BF1}.Database|Any CPU.ActiveCfg = Release|Any CPU
		{E413CC22-4BE8-44FF-99D3-EA018E5D5BF1}.Database|Mixed Platforms.ActiveCfg = Debug|x86
		{E413CC22-4BE8-44FF-99D3-EA018E5D5BF1}.Database|x64.ActiveCfg = Release|x64
		{E413CC22-4BE8-44FF-99D3-EA018E5D5BF1}.Database|x86.ActiveCfg = Release|x86
		{E413CC22-4BE8-44FF-99D3-EA018E5D5BF1}.Debug|Any CPU.ActiveCfg = Debug|Any CPU
		{E413CC22-4BE8-44FF-99D3-EA018E5D5BF1}.Debug|Any CPU.Build.0 = Debug|Any CPU
		{E413CC22-4BE8-44FF-99D3-EA018E5D5BF1}.Debug|Mixed Platforms.ActiveCfg = Debug|x86
		{E413CC22-4BE8-44FF-99D3-EA018E5D5BF1}.Debug|Mixed Platforms.Build.0 = Debug|x86
		{E413CC22-4BE8-44FF-99D3-EA018E5D5BF1}.Debug|x64.ActiveCfg = Debug|x64
		{E413CC22-4BE8-44FF-99D3-EA018E5D5BF1}.Debug|x64.Build.0 = Debug|x64
		{E413CC22-4BE8-44FF-99D3-EA018E5D5BF1}.Debug|x86.ActiveCfg = Debug|x86
		{E413CC22-4BE8-44FF-99D3-EA018E5D5BF1}.Debug|x86.Build.0 = Debug|x86
		{E413CC22-4BE8-44FF-99D3-EA018E5D5BF1}.Documentazione|Any CPU.ActiveCfg = Debug|Any CPU
		{E413CC22-4BE8-44FF-99D3-EA018E5D5BF1}.Documentazione|Mixed Platforms.ActiveCfg = Debug|x86
		{E413CC22-4BE8-44FF-99D3-EA018E5D5BF1}.Documentazione|x64.ActiveCfg = Debug|x64
		{E413CC22-4BE8-44FF-99D3-EA018E5D5BF1}.Documentazione|x86.ActiveCfg = Debug|x86
		{E413CC22-4BE8-44FF-99D3-EA018E5D5BF1}.Installer|Any CPU.ActiveCfg = Release|Any CPU
		{E413CC22-4BE8-44FF-99D3-EA018E5D5BF1}.Installer|Any CPU.Build.0 = Release|Any CPU
		{E413CC22-4BE8-44FF-99D3-EA018E5D5BF1}.Installer|Mixed Platforms.ActiveCfg = Release|x86
		{E413CC22-4BE8-44FF-99D3-EA018E5D5BF1}.Installer|Mixed Platforms.Build.0 = Release|x86
		{E413CC22-4BE8-44FF-99D3-EA018E5D5BF1}.Installer|x64.ActiveCfg = Release|x64
		{E413CC22-4BE8-44FF-99D3-EA018E5D5BF1}.Installer|x64.Build.0 = Release|x64
		{E413CC22-4BE8-44FF-99D3-EA018E5D5BF1}.Installer|x86.ActiveCfg = Release|x86
		{E413CC22-4BE8-44FF-99D3-EA018E5D5BF1}.Installer|x86.Build.0 = Release|x86
		{E413CC22-4BE8-44FF-99D3-EA018E5D5BF1}.Release|Any CPU.ActiveCfg = Release|Any CPU
		{E413CC22-4BE8-44FF-99D3-EA018E5D5BF1}.Release|Any CPU.Build.0 = Release|Any CPU
		{E413CC22-4BE8-44FF-99D3-EA018E5D5BF1}.Release|Mixed Platforms.ActiveCfg = Release|x86
		{E413CC22-4BE8-44FF-99D3-EA018E5D5BF1}.Release|Mixed Platforms.Build.0 = Release|x86
		{E413CC22-4BE8-44FF-99D3-EA018E5D5BF1}.Release|x64.ActiveCfg = Release|x64
		{E413CC22-4BE8-44FF-99D3-EA018E5D5BF1}.Release|x64.Build.0 = Release|x64
		{E413CC22-4BE8-44FF-99D3-EA018E5D5BF1}.Release|x86.ActiveCfg = Release|x86
		{E413CC22-4BE8-44FF-99D3-EA018E5D5BF1}.Release|x86.Build.0 = Release|x86
		{F465C73F-7026-4862-908A-B98C0DF87700}.Database|Any CPU.ActiveCfg = Release|Any CPU
		{F465C73F-7026-4862-908A-B98C0DF87700}.Database|Mixed Platforms.ActiveCfg = Debug|x86
		{F465C73F-7026-4862-908A-B98C0DF87700}.Database|x64.ActiveCfg = Release|x64
		{F465C73F-7026-4862-908A-B98C0DF87700}.Database|x86.ActiveCfg = Release|x86
		{F465C73F-7026-4862-908A-B98C0DF87700}.Debug|Any CPU.ActiveCfg = Debug|Any CPU
		{F465C73F-7026-4862-908A-B98C0DF87700}.Debug|Any CPU.Build.0 = Debug|Any CPU
		{F465C73F-7026-4862-908A-B98C0DF87700}.Debug|Mixed Platforms.ActiveCfg = Debug|x86
		{F465C73F-7026-4862-908A-B98C0DF87700}.Debug|Mixed Platforms.Build.0 = Debug|x86
		{F465C73F-7026-4862-908A-B98C0DF87700}.Debug|x64.ActiveCfg = Debug|x64
		{F465C73F-7026-4862-908A-B98C0DF87700}.Debug|x64.Build.0 = Debug|x64
		{F465C73F-7026-4862-908A-B98C0DF87700}.Debug|x86.ActiveCfg = Debug|x86
		{F465C73F-7026-4862-908A-B98C0DF87700}.Debug|x86.Build.0 = Debug|x86
		{F465C73F-7026-4862-908A-B98C0DF87700}.Documentazione|Any CPU.ActiveCfg = Debug|Any CPU
		{F465C73F-7026-4862-908A-B98C0DF87700}.Documentazione|Mixed Platforms.ActiveCfg = Debug|x86
		{F465C73F-7026-4862-908A-B98C0DF87700}.Documentazione|x64.ActiveCfg = Debug|x64
		{F465C73F-7026-4862-908A-B98C0DF87700}.Documentazione|x86.ActiveCfg = Debug|x86
		{F465C73F-7026-4862-908A-B98C0DF87700}.Installer|Any CPU.ActiveCfg = Release|Any CPU
		{F465C73F-7026-4862-908A-B98C0DF87700}.Installer|Any CPU.Build.0 = Release|Any CPU
		{F465C73F-7026-4862-908A-B98C0DF87700}.Installer|Mixed Platforms.ActiveCfg = Release|x86
		{F465C73F-7026-4862-908A-B98C0DF87700}.Installer|Mixed Platforms.Build.0 = Release|x86
		{F465C73F-7026-4862-908A-B98C0DF87700}.Installer|x64.ActiveCfg = Release|x64
		{F465C73F-7026-4862-908A-B98C0DF87700}.Installer|x64.Build.0 = Release|x64
		{F465C73F-7026-4862-908A-B98C0DF87700}.Installer|x86.ActiveCfg = Release|x86
		{F465C73F-7026-4862-908A-B98C0DF87700}.Installer|x86.Build.0 = Release|x86
		{F465C73F-7026-4862-908A-B98C0DF87700}.Release|Any CPU.ActiveCfg = Release|Any CPU
		{F465C73F-7026-4862-908A-B98C0DF87700}.Release|Any CPU.Build.0 = Release|Any CPU
		{F465C73F-7026-4862-908A-B98C0DF87700}.Release|Mixed Platforms.ActiveCfg = Release|x86
		{F465C73F-7026-4862-908A-B98C0DF87700}.Release|Mixed Platforms.Build.0 = Release|x86
		{F465C73F-7026-4862-908A-B98C0DF87700}.Release|x64.ActiveCfg = Release|x64
		{F465C73F-7026-4862-908A-B98C0DF87700}.Release|x64.Build.0 = Release|x64
		{F465C73F-7026-4862-908A-B98C0DF87700}.Release|x86.ActiveCfg = Release|x86
		{F465C73F-7026-4862-908A-B98C0DF87700}.Release|x86.Build.0 = Release|x86
		{192D0C71-360F-4C37-8FBB-220F44404A5F}.Database|Any CPU.ActiveCfg = Release|Any CPU
		{192D0C71-360F-4C37-8FBB-220F44404A5F}.Database|Mixed Platforms.ActiveCfg = Debug|x86
		{192D0C71-360F-4C37-8FBB-220F44404A5F}.Database|x64.ActiveCfg = Release|x64
		{192D0C71-360F-4C37-8FBB-220F44404A5F}.Database|x86.ActiveCfg = Release|x86
		{192D0C71-360F-4C37-8FBB-220F44404A5F}.Debug|Any CPU.ActiveCfg = Debug|Any CPU
		{192D0C71-360F-4C37-8FBB-220F44404A5F}.Debug|Any CPU.Build.0 = Debug|Any CPU
		{192D0C71-360F-4C37-8FBB-220F44404A5F}.Debug|Mixed Platforms.ActiveCfg = Debug|x86
		{192D0C71-360F-4C37-8FBB-220F44404A5F}.Debug|Mixed Platforms.Build.0 = Debug|x86
		{192D0C71-360F-4C37-8FBB-220F44404A5F}.Debug|x64.ActiveCfg = Debug|x64
		{192D0C71-360F-4C37-8FBB-220F44404A5F}.Debug|x64.Build.0 = Debug|x64
		{192D0C71-360F-4C37-8FBB-220F44404A5F}.Debug|x86.ActiveCfg = Debug|x86
		{192D0C71-360F-4C37-8FBB-220F44404A5F}.Debug|x86.Build.0 = Debug|x86
		{192D0C71-360F-4C37-8FBB-220F44404A5F}.Documentazione|Any CPU.ActiveCfg = Debug|Any CPU
		{192D0C71-360F-4C37-8FBB-220F44404A5F}.Documentazione|Mixed Platforms.ActiveCfg = Debug|x86
		{192D0C71-360F-4C37-8FBB-220F44404A5F}.Documentazione|x64.ActiveCfg = Debug|x64
		{192D0C71-360F-4C37-8FBB-220F44404A5F}.Documentazione|x86.ActiveCfg = Debug|x86
		{192D0C71-360F-4C37-8FBB-220F44404A5F}.Installer|Any CPU.ActiveCfg = Release|Any CPU
		{192D0C71-360F-4C37-8FBB-220F44404A5F}.Installer|Any CPU.Build.0 = Release|Any CPU
		{192D0C71-360F-4C37-8FBB-220F44404A5F}.Installer|Mixed Platforms.ActiveCfg = Release|x86
		{192D0C71-360F-4C37-8FBB-220F44404A5F}.Installer|Mixed Platforms.Build.0 = Release|x86
		{192D0C71-360F-4C37-8FBB-220F44404A5F}.Installer|x64.ActiveCfg = Release|x64
		{192D0C71-360F-4C37-8FBB-220F44404A5F}.Installer|x64.Build.0 = Release|x64
		{192D0C71-360F-4C37-8FBB-220F44404A5F}.Installer|x86.ActiveCfg = Release|x86
		{192D0C71-360F-4C37-8FBB-220F44404A5F}.Installer|x86.Build.0 = Release|x86
		{192D0C71-360F-4C37-8FBB-220F44404A5F}.Release|Any CPU.ActiveCfg = Release|Any CPU
		{192D0C71-360F-4C37-8FBB-220F44404A5F}.Release|Any CPU.Build.0 = Release|Any CPU
		{192D0C71-360F-4C37-8FBB-220F44404A5F}.Release|Mixed Platforms.ActiveCfg = Release|x86
		{192D0C71-360F-4C37-8FBB-220F44404A5F}.Release|Mixed Platforms.Build.0 = Release|x86
		{192D0C71-360F-4C37-8FBB-220F44404A5F}.Release|x64.ActiveCfg = Release|x64
		{192D0C71-360F-4C37-8FBB-220F44404A5F}.Release|x64.Build.0 = Release|x64
		{192D0C71-360F-4C37-8FBB-220F44404A5F}.Release|x86.ActiveCfg = Release|x86
		{192D0C71-360F-4C37-8FBB-220F44404A5F}.Release|x86.Build.0 = Release|x86
		{1B093DCE-C48D-421D-8665-033ED4C2F203}.Database|Any CPU.ActiveCfg = Release|Any CPU
		{1B093DCE-C48D-421D-8665-033ED4C2F203}.Database|Mixed Platforms.ActiveCfg = Debug|x86
		{1B093DCE-C48D-421D-8665-033ED4C2F203}.Database|x64.ActiveCfg = Release|x64
		{1B093DCE-C48D-421D-8665-033ED4C2F203}.Database|x86.ActiveCfg = Release|x86
		{1B093DCE-C48D-421D-8665-033ED4C2F203}.Debug|Any CPU.ActiveCfg = Debug|Any CPU
		{1B093DCE-C48D-421D-8665-033ED4C2F203}.Debug|Any CPU.Build.0 = Debug|Any CPU
		{1B093DCE-C48D-421D-8665-033ED4C2F203}.Debug|Mixed Platforms.ActiveCfg = Debug|x86
		{1B093DCE-C48D-421D-8665-033ED4C2F203}.Debug|Mixed Platforms.Build.0 = Debug|x86
		{1B093DCE-C48D-421D-8665-033ED4C2F203}.Debug|x64.ActiveCfg = Debug|x64
		{1B093DCE-C48D-421D-8665-033ED4C2F203}.Debug|x64.Build.0 = Debug|x64
		{1B093DCE-C48D-421D-8665-033ED4C2F203}.Debug|x86.ActiveCfg = Debug|x86
		{1B093DCE-C48D-421D-8665-033ED4C2F203}.Debug|x86.Build.0 = Debug|x86
		{1B093DCE-C48D-421D-8665-033ED4C2F203}.Documentazione|Any CPU.ActiveCfg = Debug|Any CPU
		{1B093DCE-C48D-421D-8665-033ED4C2F203}.Documentazione|Mixed Platforms.ActiveCfg = Debug|x86
		{1B093DCE-C48D-421D-8665-033ED4C2F203}.Documentazione|x64.ActiveCfg = Debug|x64
		{1B093DCE-C48D-421D-8665-033ED4C2F203}.Documentazione|x86.ActiveCfg = Debug|x86
		{1B093DCE-C48D-421D-8665-033ED4C2F203}.Installer|Any CPU.ActiveCfg = Release|Any CPU
		{1B093DCE-C48D-421D-8665-033ED4C2F203}.Installer|Any CPU.Build.0 = Release|Any CPU
		{1B093DCE-C48D-421D-8665-033ED4C2F203}.Installer|Mixed Platforms.ActiveCfg = Release|x86
		{1B093DCE-C48D-421D-8665-033ED4C2F203}.Installer|Mixed Platforms.Build.0 = Release|x86
		{1B093DCE-C48D-421D-8665-033ED4C2F203}.Installer|x64.ActiveCfg = Release|x64
		{1B093DCE-C48D-421D-8665-033ED4C2F203}.Installer|x64.Build.0 = Release|x64
		{1B093DCE-C48D-421D-8665-033ED4C2F203}.Installer|x86.ActiveCfg = Release|x86
		{1B093DCE-C48D-421D-8665-033ED4C2F203}.Installer|x86.Build.0 = Release|x86
		{1B093DCE-C48D-421D-8665-033ED4C2F203}.Release|Any CPU.ActiveCfg = Release|Any CPU
		{1B093DCE-C48D-421D-8665-033ED4C2F203}.Release|Any CPU.Build.0 = Release|Any CPU
		{1B093DCE-C48D-421D-8665-033ED4C2F203}.Release|Mixed Platforms.ActiveCfg = Release|x86
		{1B093DCE-C48D-421D-8665-033ED4C2F203}.Release|Mixed Platforms.Build.0 = Release|x86
		{1B093DCE-C48D-421D-8665-033ED4C2F203}.Release|x64.ActiveCfg = Release|x64
		{1B093DCE-C48D-421D-8665-033ED4C2F203}.Release|x64.Build.0 = Release|x64
		{1B093DCE-C48D-421D-8665-033ED4C2F203}.Release|x86.ActiveCfg = Release|x86
		{1B093DCE-C48D-421D-8665-033ED4C2F203}.Release|x86.Build.0 = Release|x86
		{4A992E57-D56D-45FC-A86C-9942276AE262}.Database|Any CPU.ActiveCfg = Release|Any CPU
		{4A992E57-D56D-45FC-A86C-9942276AE262}.Database|Mixed Platforms.ActiveCfg = Debug|x86
		{4A992E57-D56D-45FC-A86C-9942276AE262}.Database|x64.ActiveCfg = Release|x64
		{4A992E57-D56D-45FC-A86C-9942276AE262}.Database|x86.ActiveCfg = Release|x86
		{4A992E57-D56D-45FC-A86C-9942276AE262}.Debug|Any CPU.ActiveCfg = Debug|Any CPU
		{4A992E57-D56D-45FC-A86C-9942276AE262}.Debug|Any CPU.Build.0 = Debug|Any CPU
		{4A992E57-D56D-45FC-A86C-9942276AE262}.Debug|Mixed Platforms.ActiveCfg = Debug|x86
		{4A992E57-D56D-45FC-A86C-9942276AE262}.Debug|Mixed Platforms.Build.0 = Debug|x86
		{4A992E57-D56D-45FC-A86C-9942276AE262}.Debug|x64.ActiveCfg = Debug|x64
		{4A992E57-D56D-45FC-A86C-9942276AE262}.Debug|x64.Build.0 = Debug|x64
		{4A992E57-D56D-45FC-A86C-9942276AE262}.Debug|x86.ActiveCfg = Debug|x86
		{4A992E57-D56D-45FC-A86C-9942276AE262}.Debug|x86.Build.0 = Debug|x86
		{4A992E57-D56D-45FC-A86C-9942276AE262}.Documentazione|Any CPU.ActiveCfg = Debug|Any CPU
		{4A992E57-D56D-45FC-A86C-9942276AE262}.Documentazione|Mixed Platforms.ActiveCfg = Debug|x86
		{4A992E57-D56D-45FC-A86C-9942276AE262}.Documentazione|x64.ActiveCfg = Debug|x64
		{4A992E57-D56D-45FC-A86C-9942276AE262}.Documentazione|x86.ActiveCfg = Debug|x86
		{4A992E57-D56D-45FC-A86C-9942276AE262}.Installer|Any CPU.ActiveCfg = Release|Any CPU
		{4A992E57-D56D-45FC-A86C-9942276AE262}.Installer|Any CPU.Build.0 = Release|Any CPU
		{4A992E57-D56D-45FC-A86C-9942276AE262}.Installer|Mixed Platforms.ActiveCfg = Release|x86
		{4A992E57-D56D-45FC-A86C-9942276AE262}.Installer|Mixed Platforms.Build.0 = Release|x86
		{4A992E57-D56D-45FC-A86C-9942276AE262}.Installer|x64.ActiveCfg = Release|x64
		{4A992E57-D56D-45FC-A86C-9942276AE262}.Installer|x64.Build.0 = Release|x64
		{4A992E57-D56D-45FC-A86C-9942276AE262}.Installer|x86.ActiveCfg = Release|x86
		{4A992E57-D56D-45FC-A86C-9942276AE262}.Installer|x86.Build.0 = Release|x86
		{4A992E57-D56D-45FC-A86C-9942276AE262}.Release|Any CPU.ActiveCfg = Release|Any CPU
		{4A992E57-D56D-45FC-A86C-9942276AE262}.Release|Any CPU.Build.0 = Release|Any CPU
		{4A992E57-D56D-45FC-A86C-9942276AE262}.Release|Mixed Platforms.ActiveCfg = Release|x86
		{4A992E57-D56D-45FC-A86C-9942276AE262}.Release|Mixed Platforms.Build.0 = Release|x86
		{4A992E57-D56D-45FC-A86C-9942276AE262}.Release|x64.ActiveCfg = Release|x64
		{4A992E57-D56D-45FC-A86C-9942276AE262}.Release|x64.Build.0 = Release|x64
		{4A992E57-D56D-45FC-A86C-9942276AE262}.Release|x86.ActiveCfg = Release|x86
		{4A992E57-D56D-45FC-A86C-9942276AE262}.Release|x86.Build.0 = Release|x86
		{DA5E5C54-4706-48DC-B5E3-E33FD3BE4EE3}.Database|Any CPU.ActiveCfg = Release|Any CPU
		{DA5E5C54-4706-48DC-B5E3-E33FD3BE4EE3}.Database|Mixed Platforms.ActiveCfg = Debug|x86
		{DA5E5C54-4706-48DC-B5E3-E33FD3BE4EE3}.Database|Mixed Platforms.Build.0 = Debug|x86
		{DA5E5C54-4706-48DC-B5E3-E33FD3BE4EE3}.Database|x64.ActiveCfg = Release|x86
		{DA5E5C54-4706-48DC-B5E3-E33FD3BE4EE3}.Database|x64.Deploy.0 = Release|x86
		{DA5E5C54-4706-48DC-B5E3-E33FD3BE4EE3}.Database|x86.ActiveCfg = Release|x86
		{DA5E5C54-4706-48DC-B5E3-E33FD3BE4EE3}.Debug|Any CPU.ActiveCfg = Debug|Any CPU
		{DA5E5C54-4706-48DC-B5E3-E33FD3BE4EE3}.Debug|Any CPU.Build.0 = Debug|Any CPU
		{DA5E5C54-4706-48DC-B5E3-E33FD3BE4EE3}.Debug|Mixed Platforms.ActiveCfg = Debug|x86
		{DA5E5C54-4706-48DC-B5E3-E33FD3BE4EE3}.Debug|Mixed Platforms.Build.0 = Debug|x86
		{DA5E5C54-4706-48DC-B5E3-E33FD3BE4EE3}.Debug|x64.ActiveCfg = Debug|x64
		{DA5E5C54-4706-48DC-B5E3-E33FD3BE4EE3}.Debug|x64.Build.0 = Debug|x64
		{DA5E5C54-4706-48DC-B5E3-E33FD3BE4EE3}.Debug|x86.ActiveCfg = Debug|x86
		{DA5E5C54-4706-48DC-B5E3-E33FD3BE4EE3}.Debug|x86.Build.0 = Debug|x86
		{DA5E5C54-4706-48DC-B5E3-E33FD3BE4EE3}.Documentazione|Any CPU.ActiveCfg = Debug|x86
		{DA5E5C54-4706-48DC-B5E3-E33FD3BE4EE3}.Documentazione|Mixed Platforms.ActiveCfg = Debug|x86
		{DA5E5C54-4706-48DC-B5E3-E33FD3BE4EE3}.Documentazione|Mixed Platforms.Build.0 = Debug|x86
		{DA5E5C54-4706-48DC-B5E3-E33FD3BE4EE3}.Documentazione|x64.ActiveCfg = Debug|x86
		{DA5E5C54-4706-48DC-B5E3-E33FD3BE4EE3}.Documentazione|x86.ActiveCfg = Debug|x86
		{DA5E5C54-4706-48DC-B5E3-E33FD3BE4EE3}.Installer|Any CPU.ActiveCfg = Release|x86
		{DA5E5C54-4706-48DC-B5E3-E33FD3BE4EE3}.Installer|Any CPU.Build.0 = Release|x86
		{DA5E5C54-4706-48DC-B5E3-E33FD3BE4EE3}.Installer|Mixed Platforms.ActiveCfg = Release|x86
		{DA5E5C54-4706-48DC-B5E3-E33FD3BE4EE3}.Installer|Mixed Platforms.Build.0 = Release|x86
		{DA5E5C54-4706-48DC-B5E3-E33FD3BE4EE3}.Installer|x64.ActiveCfg = Release|x86
		{DA5E5C54-4706-48DC-B5E3-E33FD3BE4EE3}.Installer|x64.Build.0 = Release|x86
		{DA5E5C54-4706-48DC-B5E3-E33FD3BE4EE3}.Installer|x86.ActiveCfg = Release|x86
		{DA5E5C54-4706-48DC-B5E3-E33FD3BE4EE3}.Installer|x86.Build.0 = Release|x86
		{DA5E5C54-4706-48DC-B5E3-E33FD3BE4EE3}.Release|Any CPU.ActiveCfg = Release|Any CPU
		{DA5E5C54-4706-48DC-B5E3-E33FD3BE4EE3}.Release|Any CPU.Build.0 = Release|Any CPU
		{DA5E5C54-4706-48DC-B5E3-E33FD3BE4EE3}.Release|Mixed Platforms.ActiveCfg = Release|x86
		{DA5E5C54-4706-48DC-B5E3-E33FD3BE4EE3}.Release|Mixed Platforms.Build.0 = Release|x86
		{DA5E5C54-4706-48DC-B5E3-E33FD3BE4EE3}.Release|x64.ActiveCfg = Release|x64
		{DA5E5C54-4706-48DC-B5E3-E33FD3BE4EE3}.Release|x64.Build.0 = Release|x64
		{DA5E5C54-4706-48DC-B5E3-E33FD3BE4EE3}.Release|x86.ActiveCfg = Release|x86
		{DA5E5C54-4706-48DC-B5E3-E33FD3BE4EE3}.Release|x86.Build.0 = Release|x86
		{7CC9810D-F95F-4966-BB0B-B5CC2084E897}.Database|Any CPU.ActiveCfg = Release|Any CPU
		{7CC9810D-F95F-4966-BB0B-B5CC2084E897}.Database|Mixed Platforms.ActiveCfg = Debug|x64
		{7CC9810D-F95F-4966-BB0B-B5CC2084E897}.Database|x64.ActiveCfg = Release|x64
		{7CC9810D-F95F-4966-BB0B-B5CC2084E897}.Database|x86.ActiveCfg = Release|x86
		{7CC9810D-F95F-4966-BB0B-B5CC2084E897}.Debug|Any CPU.ActiveCfg = Debug|Any CPU
		{7CC9810D-F95F-4966-BB0B-B5CC2084E897}.Debug|Any CPU.Build.0 = Debug|Any CPU
		{7CC9810D-F95F-4966-BB0B-B5CC2084E897}.Debug|Mixed Platforms.ActiveCfg = Debug|x64
		{7CC9810D-F95F-4966-BB0B-B5CC2084E897}.Debug|Mixed Platforms.Build.0 = Debug|x64
		{7CC9810D-F95F-4966-BB0B-B5CC2084E897}.Debug|x64.ActiveCfg = Debug|x64
		{7CC9810D-F95F-4966-BB0B-B5CC2084E897}.Debug|x64.Build.0 = Debug|x64
		{7CC9810D-F95F-4966-BB0B-B5CC2084E897}.Debug|x86.ActiveCfg = Debug|x86
		{7CC9810D-F95F-4966-BB0B-B5CC2084E897}.Debug|x86.Build.0 = Debug|x86
		{7CC9810D-F95F-4966-BB0B-B5CC2084E897}.Documentazione|Any CPU.ActiveCfg = Debug|Any CPU
		{7CC9810D-F95F-4966-BB0B-B5CC2084E897}.Documentazione|Mixed Platforms.ActiveCfg = Debug|x64
		{7CC9810D-F95F-4966-BB0B-B5CC2084E897}.Documentazione|x64.ActiveCfg = Debug|x64
		{7CC9810D-F95F-4966-BB0B-B5CC2084E897}.Documentazione|x86.ActiveCfg = Debug|x86
		{7CC9810D-F95F-4966-BB0B-B5CC2084E897}.Installer|Any CPU.ActiveCfg = Release|Any CPU
		{7CC9810D-F95F-4966-BB0B-B5CC2084E897}.Installer|Any CPU.Build.0 = Release|Any CPU
		{7CC9810D-F95F-4966-BB0B-B5CC2084E897}.Installer|Mixed Platforms.ActiveCfg = Release|x64
		{7CC9810D-F95F-4966-BB0B-B5CC2084E897}.Installer|Mixed Platforms.Build.0 = Release|x64
		{7CC9810D-F95F-4966-BB0B-B5CC2084E897}.Installer|x64.ActiveCfg = Release|x64
		{7CC9810D-F95F-4966-BB0B-B5CC2084E897}.Installer|x64.Build.0 = Release|x64
		{7CC9810D-F95F-4966-BB0B-B5CC2084E897}.Installer|x86.ActiveCfg = Release|x86
		{7CC9810D-F95F-4966-BB0B-B5CC2084E897}.Installer|x86.Build.0 = Release|x86
		{7CC9810D-F95F-4966-BB0B-B5CC2084E897}.Release|Any CPU.ActiveCfg = Release|Any CPU
		{7CC9810D-F95F-4966-BB0B-B5CC2084E897}.Release|Any CPU.Build.0 = Release|Any CPU
		{7CC9810D-F95F-4966-BB0B-B5CC2084E897}.Release|Mixed Platforms.ActiveCfg = Release|x64
		{7CC9810D-F95F-4966-BB0B-B5CC2084E897}.Release|Mixed Platforms.Build.0 = Release|x64
		{7CC9810D-F95F-4966-BB0B-B5CC2084E897}.Release|x64.ActiveCfg = Release|x64
		{7CC9810D-F95F-4966-BB0B-B5CC2084E897}.Release|x64.Build.0 = Release|x64
		{7CC9810D-F95F-4966-BB0B-B5CC2084E897}.Release|x86.ActiveCfg = Release|x86
		{7CC9810D-F95F-4966-BB0B-B5CC2084E897}.Release|x86.Build.0 = Release|x86
		{F396F30F-EF31-44E2-BC9F-AE37A2018556}.Database|Any CPU.ActiveCfg = Release
		{F396F30F-EF31-44E2-BC9F-AE37A2018556}.Database|Mixed Platforms.ActiveCfg = Debug
		{F396F30F-EF31-44E2-BC9F-AE37A2018556}.Database|Mixed Platforms.Build.0 = Debug
		{F396F30F-EF31-44E2-BC9F-AE37A2018556}.Database|x64.ActiveCfg = Release
		{F396F30F-EF31-44E2-BC9F-AE37A2018556}.Database|x86.ActiveCfg = Release
		{F396F30F-EF31-44E2-BC9F-AE37A2018556}.Debug|Any CPU.ActiveCfg = Debug
		{F396F30F-EF31-44E2-BC9F-AE37A2018556}.Debug|Mixed Platforms.ActiveCfg = Debug
		{F396F30F-EF31-44E2-BC9F-AE37A2018556}.Debug|x64.ActiveCfg = Debug
		{F396F30F-EF31-44E2-BC9F-AE37A2018556}.Debug|x86.ActiveCfg = Debug
		{F396F30F-EF31-44E2-BC9F-AE37A2018556}.Documentazione|Any CPU.ActiveCfg = Debug
		{F396F30F-EF31-44E2-BC9F-AE37A2018556}.Documentazione|Mixed Platforms.ActiveCfg = Debug
		{F396F30F-EF31-44E2-BC9F-AE37A2018556}.Documentazione|x64.ActiveCfg = Debug
		{F396F30F-EF31-44E2-BC9F-AE37A2018556}.Documentazione|x86.ActiveCfg = Debug
		{F396F30F-EF31-44E2-BC9F-AE37A2018556}.Installer|Any CPU.ActiveCfg = Release
		{F396F30F-EF31-44E2-BC9F-AE37A2018556}.Installer|Any CPU.Build.0 = Release
		{F396F30F-EF31-44E2-BC9F-AE37A2018556}.Installer|Mixed Platforms.ActiveCfg = Debug
		{F396F30F-EF31-44E2-BC9F-AE37A2018556}.Installer|Mixed Platforms.Build.0 = Debug
		{F396F30F-EF31-44E2-BC9F-AE37A2018556}.Installer|x64.ActiveCfg = Release
		{F396F30F-EF31-44E2-BC9F-AE37A2018556}.Installer|x64.Build.0 = Release
		{F396F30F-EF31-44E2-BC9F-AE37A2018556}.Installer|x86.ActiveCfg = Release
		{F396F30F-EF31-44E2-BC9F-AE37A2018556}.Installer|x86.Build.0 = Release
		{F396F30F-EF31-44E2-BC9F-AE37A2018556}.Release|Any CPU.ActiveCfg = Release
		{F396F30F-EF31-44E2-BC9F-AE37A2018556}.Release|Mixed Platforms.ActiveCfg = Release
		{F396F30F-EF31-44E2-BC9F-AE37A2018556}.Release|x64.ActiveCfg = Release
		{F396F30F-EF31-44E2-BC9F-AE37A2018556}.Release|x86.ActiveCfg = Release
		{B5FA1518-CC3E-41A0-82AE-1C02F845E12E}.Database|Any CPU.ActiveCfg = Release|Any CPU
		{B5FA1518-CC3E-41A0-82AE-1C02F845E12E}.Database|Any CPU.Build.0 = Release|Any CPU
		{B5FA1518-CC3E-41A0-82AE-1C02F845E12E}.Database|Any CPU.Deploy.0 = Release|Any CPU
		{B5FA1518-CC3E-41A0-82AE-1C02F845E12E}.Database|Mixed Platforms.ActiveCfg = Debug|Any CPU
		{B5FA1518-CC3E-41A0-82AE-1C02F845E12E}.Database|Mixed Platforms.Deploy.0 = Debug|Any CPU
		{B5FA1518-CC3E-41A0-82AE-1C02F845E12E}.Database|x64.ActiveCfg = Release|Any CPU
		{B5FA1518-CC3E-41A0-82AE-1C02F845E12E}.Database|x64.Build.0 = Release|Any CPU
		{B5FA1518-CC3E-41A0-82AE-1C02F845E12E}.Database|x64.Deploy.0 = Release|Any CPU
		{B5FA1518-CC3E-41A0-82AE-1C02F845E12E}.Database|x86.ActiveCfg = Release|Any CPU
		{B5FA1518-CC3E-41A0-82AE-1C02F845E12E}.Database|x86.Build.0 = Release|Any CPU
		{B5FA1518-CC3E-41A0-82AE-1C02F845E12E}.Database|x86.Deploy.0 = Release|Any CPU
		{B5FA1518-CC3E-41A0-82AE-1C02F845E12E}.Debug|Any CPU.ActiveCfg = Debug|Any CPU
		{B5FA1518-CC3E-41A0-82AE-1C02F845E12E}.Debug|Mixed Platforms.ActiveCfg = Debug|Any CPU
		{B5FA1518-CC3E-41A0-82AE-1C02F845E12E}.Debug|x64.ActiveCfg = Debug|Any CPU
		{B5FA1518-CC3E-41A0-82AE-1C02F845E12E}.Debug|x86.ActiveCfg = Debug|Any CPU
		{B5FA1518-CC3E-41A0-82AE-1C02F845E12E}.Documentazione|Any CPU.ActiveCfg = Debug|Any CPU
		{B5FA1518-CC3E-41A0-82AE-1C02F845E12E}.Documentazione|Mixed Platforms.ActiveCfg = Debug|Any CPU
		{B5FA1518-CC3E-41A0-82AE-1C02F845E12E}.Documentazione|x64.ActiveCfg = Debug|Any CPU
		{B5FA1518-CC3E-41A0-82AE-1C02F845E12E}.Documentazione|x86.ActiveCfg = Debug|Any CPU
		{B5FA1518-CC3E-41A0-82AE-1C02F845E12E}.Installer|Any CPU.ActiveCfg = Release|Any CPU
		{B5FA1518-CC3E-41A0-82AE-1C02F845E12E}.Installer|Any CPU.Build.0 = Release|Any CPU
		{B5FA1518-CC3E-41A0-82AE-1C02F845E12E}.Installer|Any CPU.Deploy.0 = Release|Any CPU
		{B5FA1518-CC3E-41A0-82AE-1C02F845E12E}.Installer|Mixed Platforms.ActiveCfg = Debug|Any CPU
		{B5FA1518-CC3E-41A0-82AE-1C02F845E12E}.Installer|Mixed Platforms.Build.0 = Debug|Any CPU
		{B5FA1518-CC3E-41A0-82AE-1C02F845E12E}.Installer|Mixed Platforms.Deploy.0 = Debug|Any CPU
		{B5FA1518-CC3E-41A0-82AE-1C02F845E12E}.Installer|x64.ActiveCfg = Release|Any CPU
		{B5FA1518-CC3E-41A0-82AE-1C02F845E12E}.Installer|x64.Build.0 = Release|Any CPU
		{B5FA1518-CC3E-41A0-82AE-1C02F845E12E}.Installer|x64.Deploy.0 = Release|Any CPU
		{B5FA1518-CC3E-41A0-82AE-1C02F845E12E}.Installer|x86.ActiveCfg = Release|Any CPU
		{B5FA1518-CC3E-41A0-82AE-1C02F845E12E}.Installer|x86.Build.0 = Release|Any CPU
		{B5FA1518-CC3E-41A0-82AE-1C02F845E12E}.Installer|x86.Deploy.0 = Release|Any CPU
		{B5FA1518-CC3E-41A0-82AE-1C02F845E12E}.Release|Any CPU.ActiveCfg = Release|Any CPU
		{B5FA1518-CC3E-41A0-82AE-1C02F845E12E}.Release|Any CPU.Build.0 = Release|Any CPU
		{B5FA1518-CC3E-41A0-82AE-1C02F845E12E}.Release|Any CPU.Deploy.0 = Release|Any CPU
		{B5FA1518-CC3E-41A0-82AE-1C02F845E12E}.Release|Mixed Platforms.ActiveCfg = Release|Any CPU
		{B5FA1518-CC3E-41A0-82AE-1C02F845E12E}.Release|Mixed Platforms.Build.0 = Release|Any CPU
		{B5FA1518-CC3E-41A0-82AE-1C02F845E12E}.Release|Mixed Platforms.Deploy.0 = Release|Any CPU
		{B5FA1518-CC3E-41A0-82AE-1C02F845E12E}.Release|x64.ActiveCfg = Release|Any CPU
		{B5FA1518-CC3E-41A0-82AE-1C02F845E12E}.Release|x64.Build.0 = Release|Any CPU
		{B5FA1518-CC3E-41A0-82AE-1C02F845E12E}.Release|x64.Deploy.0 = Release|Any CPU
		{B5FA1518-CC3E-41A0-82AE-1C02F845E12E}.Release|x86.ActiveCfg = Release|Any CPU
		{B5FA1518-CC3E-41A0-82AE-1C02F845E12E}.Release|x86.Build.0 = Release|Any CPU
		{B5FA1518-CC3E-41A0-82AE-1C02F845E12E}.Release|x86.Deploy.0 = Release|Any CPU
		{67CBC824-A49E-4E9B-A947-360F3DFE65C3}.Database|Any CPU.ActiveCfg = Release|Any CPU
		{67CBC824-A49E-4E9B-A947-360F3DFE65C3}.Database|Any CPU.Build.0 = Release|Any CPU
		{67CBC824-A49E-4E9B-A947-360F3DFE65C3}.Database|Any CPU.Deploy.0 = Release|Any CPU
		{67CBC824-A49E-4E9B-A947-360F3DFE65C3}.Database|Mixed Platforms.ActiveCfg = Debug|Any CPU
		{67CBC824-A49E-4E9B-A947-360F3DFE65C3}.Database|Mixed Platforms.Build.0 = Debug|Any CPU
		{67CBC824-A49E-4E9B-A947-360F3DFE65C3}.Database|Mixed Platforms.Deploy.0 = Debug|Any CPU
		{67CBC824-A49E-4E9B-A947-360F3DFE65C3}.Database|x64.ActiveCfg = Release|Any CPU
		{67CBC824-A49E-4E9B-A947-360F3DFE65C3}.Database|x64.Build.0 = Release|Any CPU
		{67CBC824-A49E-4E9B-A947-360F3DFE65C3}.Database|x64.Deploy.0 = Release|Any CPU
		{67CBC824-A49E-4E9B-A947-360F3DFE65C3}.Database|x86.ActiveCfg = Release|Any CPU
		{67CBC824-A49E-4E9B-A947-360F3DFE65C3}.Database|x86.Build.0 = Release|Any CPU
		{67CBC824-A49E-4E9B-A947-360F3DFE65C3}.Database|x86.Deploy.0 = Release|Any CPU
		{67CBC824-A49E-4E9B-A947-360F3DFE65C3}.Debug|Any CPU.ActiveCfg = Debug|Any CPU
		{67CBC824-A49E-4E9B-A947-360F3DFE65C3}.Debug|Mixed Platforms.ActiveCfg = Debug|Any CPU
		{67CBC824-A49E-4E9B-A947-360F3DFE65C3}.Debug|x64.ActiveCfg = Debug|Any CPU
		{67CBC824-A49E-4E9B-A947-360F3DFE65C3}.Debug|x86.ActiveCfg = Debug|Any CPU
		{67CBC824-A49E-4E9B-A947-360F3DFE65C3}.Documentazione|Any CPU.ActiveCfg = Debug|Any CPU
		{67CBC824-A49E-4E9B-A947-360F3DFE65C3}.Documentazione|Mixed Platforms.ActiveCfg = Debug|Any CPU
		{67CBC824-A49E-4E9B-A947-360F3DFE65C3}.Documentazione|x64.ActiveCfg = Debug|Any CPU
		{67CBC824-A49E-4E9B-A947-360F3DFE65C3}.Documentazione|x86.ActiveCfg = Debug|Any CPU
		{67CBC824-A49E-4E9B-A947-360F3DFE65C3}.Installer|Any CPU.ActiveCfg = Release|Any CPU
		{67CBC824-A49E-4E9B-A947-360F3DFE65C3}.Installer|Any CPU.Build.0 = Release|Any CPU
		{67CBC824-A49E-4E9B-A947-360F3DFE65C3}.Installer|Any CPU.Deploy.0 = Release|Any CPU
		{67CBC824-A49E-4E9B-A947-360F3DFE65C3}.Installer|Mixed Platforms.ActiveCfg = Debug|Any CPU
		{67CBC824-A49E-4E9B-A947-360F3DFE65C3}.Installer|Mixed Platforms.Build.0 = Debug|Any CPU
		{67CBC824-A49E-4E9B-A947-360F3DFE65C3}.Installer|Mixed Platforms.Deploy.0 = Debug|Any CPU
		{67CBC824-A49E-4E9B-A947-360F3DFE65C3}.Installer|x64.ActiveCfg = Release|Any CPU
		{67CBC824-A49E-4E9B-A947-360F3DFE65C3}.Installer|x64.Build.0 = Release|Any CPU
		{67CBC824-A49E-4E9B-A947-360F3DFE65C3}.Installer|x64.Deploy.0 = Release|Any CPU
		{67CBC824-A49E-4E9B-A947-360F3DFE65C3}.Installer|x86.ActiveCfg = Release|Any CPU
		{67CBC824-A49E-4E9B-A947-360F3DFE65C3}.Installer|x86.Build.0 = Release|Any CPU
		{67CBC824-A49E-4E9B-A947-360F3DFE65C3}.Installer|x86.Deploy.0 = Release|Any CPU
		{67CBC824-A49E-4E9B-A947-360F3DFE65C3}.Release|Any CPU.ActiveCfg = Release|Any CPU
		{67CBC824-A49E-4E9B-A947-360F3DFE65C3}.Release|Any CPU.Build.0 = Release|Any CPU
		{67CBC824-A49E-4E9B-A947-360F3DFE65C3}.Release|Any CPU.Deploy.0 = Release|Any CPU
		{67CBC824-A49E-4E9B-A947-360F3DFE65C3}.Release|Mixed Platforms.ActiveCfg = Release|Any CPU
		{67CBC824-A49E-4E9B-A947-360F3DFE65C3}.Release|Mixed Platforms.Build.0 = Release|Any CPU
		{67CBC824-A49E-4E9B-A947-360F3DFE65C3}.Release|Mixed Platforms.Deploy.0 = Release|Any CPU
		{67CBC824-A49E-4E9B-A947-360F3DFE65C3}.Release|x64.ActiveCfg = Release|Any CPU
		{67CBC824-A49E-4E9B-A947-360F3DFE65C3}.Release|x64.Build.0 = Release|Any CPU
		{67CBC824-A49E-4E9B-A947-360F3DFE65C3}.Release|x64.Deploy.0 = Release|Any CPU
		{67CBC824-A49E-4E9B-A947-360F3DFE65C3}.Release|x86.ActiveCfg = Release|Any CPU
		{67CBC824-A49E-4E9B-A947-360F3DFE65C3}.Release|x86.Build.0 = Release|Any CPU
		{67CBC824-A49E-4E9B-A947-360F3DFE65C3}.Release|x86.Deploy.0 = Release|Any CPU
		{918073E4-C6B7-4B71-A462-B6767BC53D80}.Database|Any CPU.ActiveCfg = Release|Any CPU
		{918073E4-C6B7-4B71-A462-B6767BC53D80}.Database|Mixed Platforms.ActiveCfg = Debug|x86
		{918073E4-C6B7-4B71-A462-B6767BC53D80}.Database|x64.ActiveCfg = Debug|x64
		{918073E4-C6B7-4B71-A462-B6767BC53D80}.Database|x86.ActiveCfg = Debug|x86
		{918073E4-C6B7-4B71-A462-B6767BC53D80}.Debug|Any CPU.ActiveCfg = Debug|Any CPU
		{918073E4-C6B7-4B71-A462-B6767BC53D80}.Debug|Mixed Platforms.ActiveCfg = Debug|x86
		{918073E4-C6B7-4B71-A462-B6767BC53D80}.Debug|x64.ActiveCfg = Debug|x64
		{918073E4-C6B7-4B71-A462-B6767BC53D80}.Debug|x86.ActiveCfg = Debug|x86
		{918073E4-C6B7-4B71-A462-B6767BC53D80}.Debug|x86.Build.0 = Debug|x86
		{918073E4-C6B7-4B71-A462-B6767BC53D80}.Documentazione|Any CPU.ActiveCfg = Debug|Any CPU
		{918073E4-C6B7-4B71-A462-B6767BC53D80}.Documentazione|Mixed Platforms.ActiveCfg = Debug|x86
		{918073E4-C6B7-4B71-A462-B6767BC53D80}.Documentazione|x64.ActiveCfg = Debug|x64
		{918073E4-C6B7-4B71-A462-B6767BC53D80}.Documentazione|x86.ActiveCfg = Debug|x86
		{918073E4-C6B7-4B71-A462-B6767BC53D80}.Installer|Any CPU.ActiveCfg = Release|Any CPU
		{918073E4-C6B7-4B71-A462-B6767BC53D80}.Installer|Mixed Platforms.ActiveCfg = Release|x86
		{918073E4-C6B7-4B71-A462-B6767BC53D80}.Installer|Mixed Platforms.Build.0 = Release|x86
		{918073E4-C6B7-4B71-A462-B6767BC53D80}.Installer|x64.ActiveCfg = Release|x64
		{918073E4-C6B7-4B71-A462-B6767BC53D80}.Installer|x86.ActiveCfg = Release|x86
		{918073E4-C6B7-4B71-A462-B6767BC53D80}.Installer|x86.Build.0 = Release|x86
		{918073E4-C6B7-4B71-A462-B6767BC53D80}.Release|Any CPU.ActiveCfg = Release|Any CPU
		{918073E4-C6B7-4B71-A462-B6767BC53D80}.Release|Mixed Platforms.ActiveCfg = Release|x86
		{918073E4-C6B7-4B71-A462-B6767BC53D80}.Release|Mixed Platforms.Build.0 = Release|x86
		{918073E4-C6B7-4B71-A462-B6767BC53D80}.Release|x64.ActiveCfg = Release|x64
		{918073E4-C6B7-4B71-A462-B6767BC53D80}.Release|x86.ActiveCfg = Release|x86
		{918073E4-C6B7-4B71-A462-B6767BC53D80}.Release|x86.Build.0 = Release|x86
		{0048E6C6-7F6A-4F03-8232-303E539D890B}.Database|Any CPU.ActiveCfg = Release|Any CPU
		{0048E6C6-7F6A-4F03-8232-303E539D890B}.Database|Mixed Platforms.ActiveCfg = Debug|Any CPU
		{0048E6C6-7F6A-4F03-8232-303E539D890B}.Database|Mixed Platforms.Build.0 = Debug|Any CPU
		{0048E6C6-7F6A-4F03-8232-303E539D890B}.Database|x64.ActiveCfg = Debug|Any CPU
		{0048E6C6-7F6A-4F03-8232-303E539D890B}.Database|x86.ActiveCfg = Debug|Any CPU
		{0048E6C6-7F6A-4F03-8232-303E539D890B}.Debug|Any CPU.ActiveCfg = Debug|Any CPU
		{0048E6C6-7F6A-4F03-8232-303E539D890B}.Debug|Mixed Platforms.ActiveCfg = Debug|Any CPU
		{0048E6C6-7F6A-4F03-8232-303E539D890B}.Debug|Mixed Platforms.Build.0 = Debug|Any CPU
		{0048E6C6-7F6A-4F03-8232-303E539D890B}.Debug|x64.ActiveCfg = Debug|Any CPU
		{0048E6C6-7F6A-4F03-8232-303E539D890B}.Debug|x86.ActiveCfg = Debug|Any CPU
		{0048E6C6-7F6A-4F03-8232-303E539D890B}.Documentazione|Any CPU.ActiveCfg = Debug|Any CPU
		{0048E6C6-7F6A-4F03-8232-303E539D890B}.Documentazione|Any CPU.Build.0 = Debug|Any CPU
		{0048E6C6-7F6A-4F03-8232-303E539D890B}.Documentazione|Mixed Platforms.ActiveCfg = Debug|Any CPU
		{0048E6C6-7F6A-4F03-8232-303E539D890B}.Documentazione|Mixed Platforms.Build.0 = Debug|Any CPU
		{0048E6C6-7F6A-4F03-8232-303E539D890B}.Documentazione|x64.ActiveCfg = Debug|Any CPU
		{0048E6C6-7F6A-4F03-8232-303E539D890B}.Documentazione|x86.ActiveCfg = Debug|Any CPU
		{0048E6C6-7F6A-4F03-8232-303E539D890B}.Installer|Any CPU.ActiveCfg = Release|Any CPU
		{0048E6C6-7F6A-4F03-8232-303E539D890B}.Installer|Mixed Platforms.ActiveCfg = Release|Any CPU
		{0048E6C6-7F6A-4F03-8232-303E539D890B}.Installer|Mixed Platforms.Build.0 = Release|Any CPU
		{0048E6C6-7F6A-4F03-8232-303E539D890B}.Installer|x64.ActiveCfg = Release|Any CPU
		{0048E6C6-7F6A-4F03-8232-303E539D890B}.Installer|x86.ActiveCfg = Release|Any CPU
		{0048E6C6-7F6A-4F03-8232-303E539D890B}.Release|Any CPU.ActiveCfg = Release|Any CPU
		{0048E6C6-7F6A-4F03-8232-303E539D890B}.Release|Any CPU.Build.0 = Release|Any CPU
		{0048E6C6-7F6A-4F03-8232-303E539D890B}.Release|Mixed Platforms.ActiveCfg = Release|Any CPU
		{0048E6C6-7F6A-4F03-8232-303E539D890B}.Release|Mixed Platforms.Build.0 = Release|Any CPU
		{0048E6C6-7F6A-4F03-8232-303E539D890B}.Release|x64.ActiveCfg = Release|Any CPU
		{0048E6C6-7F6A-4F03-8232-303E539D890B}.Release|x86.ActiveCfg = Release|Any CPU
	EndGlobalSection
	GlobalSection(SolutionProperties) = preSolution
		HideSolutionNode = FALSE
	EndGlobalSection
EndGlobal
